
Microsoft Visual Studio Solution File, Format Version 12.00
# Visual Studio Version 17
VisualStudioVersion = 17.5.33414.496
MinimumVisualStudioVersion = 10.0.40219.1
Project("{FAE04EC0-301F-11D3-BF4B-00C04F79EFBC}") = "dobokocka_II", "dobokocka_II\dobokocka_II.csproj", "{712A28E7-FD88-4229-BC44-A9E71B1706CC}"
EndProject
Global
	GlobalSection(SolutionConfigurationPlatforms) = preSolution
		Debug|Any CPU = Debug|Any CPU
		Release|Any CPU = Release|Any CPU
	EndGlobalSection
	GlobalSection(ProjectConfigurationPlatforms) = postSolution
		{712A28E7-FD88-4229-BC44-A9E71B1706CC}.Debug|Any CPU.ActiveCfg = Debug|Any CPU
		{712A28E7-FD88-4229-BC44-A9E71B1706CC}.Debug|Any CPU.Build.0 = Debug|Any CPU
		{712A28E7-FD88-4229-BC44-A9E71B1706CC}.Release|Any CPU.ActiveCfg = Release|Any CPU
		{712A28E7-FD88-4229-BC44-A9E71B1706CC}.Release|Any CPU.Build.0 = Release|Any CPU
	EndGlobalSection
	GlobalSection(SolutionProperties) = preSolution
		HideSolutionNode = FALSE
	EndGlobalSection
	GlobalSection(ExtensibilityGlobals) = postSolution
		SolutionGuid = {ED70BA4A-CB2F-4592-9344-6AF941828269}
	EndGlobalSection
EndGlobal
